
Microsoft Visual Studio Solution File, Format Version 11.00
# Visual Studio 2010
Project("{FAE04EC0-301F-11D3-BF4B-00C04F79EFBC}") = "AR_DongWuProject", "Assembly-CSharp.csproj", "{432797F2-BAFF-3C24-BD51-5D3038E9C586}"
EndProject
Project("{FAE04EC0-301F-11D3-BF4B-00C04F79EFBC}") = "AR_DongWuProject", "Assembly-CSharp-Editor.csproj", "{D4D3A917-30BC-0230-7878-A1AF522F9F6C}"
EndProject
Global
	GlobalSection(SolutionConfigurationPlatforms) = preSolution
		Debug|Any CPU = Debug|Any CPU
		Release|Any CPU = Release|Any CPU
	EndGlobalSection
	GlobalSection(ProjectConfigurationPlatforms) = postSolution
		{432797F2-BAFF-3C24-BD51-5D3038E9C586}.Debug|Any CPU.ActiveCfg = Debug|Any CPU
		{432797F2-BAFF-3C24-BD51-5D3038E9C586}.Debug|Any CPU.Build.0 = Debug|Any CPU
		{432797F2-BAFF-3C24-BD51-5D3038E9C586}.Release|Any CPU.ActiveCfg = Release|Any CPU
		{432797F2-BAFF-3C24-BD51-5D3038E9C586}.Release|Any CPU.Build.0 = Release|Any CPU
		{D4D3A917-30BC-0230-7878-A1AF522F9F6C}.Debug|Any CPU.ActiveCfg = Debug|Any CPU
		{D4D3A917-30BC-0230-7878-A1AF522F9F6C}.Debug|Any CPU.Build.0 = Debug|Any CPU
		{D4D3A917-30BC-0230-7878-A1AF522F9F6C}.Release|Any CPU.ActiveCfg = Release|Any CPU
		{D4D3A917-30BC-0230-7878-A1AF522F9F6C}.Release|Any CPU.Build.0 = Release|Any CPU
	EndGlobalSection
	GlobalSection(SolutionProperties) = preSolution
		HideSolutionNode = FALSE
	EndGlobalSection
	GlobalSection(MonoDevelopProperties) = preSolution
		StartupItem = Assembly-CSharp.csproj
	EndGlobalSection
EndGlobal
